
Microsoft Visual Studio Solution File, Format Version 12.00
# Visual Studio Version 17
VisualStudioVersion = 17.11.35312.102
MinimumVisualStudioVersion = 10.0.40219.1
Project("{FAE04EC0-301F-11D3-BF4B-00C04F79EFBC}") = "TreasureHunt.Server", "TreasureHunt.Server\TreasureHunt.Server.csproj", "{14006515-C7A0-4212-941B-978E20C14CF7}"
EndProject
Project("{54A90642-561A-4BB1-A94E-469ADEE60C69}") = "treasurehunt.client", "treasurehunt.client\treasurehunt.client.esproj", "{F7BD6B17-7C53-4377-8229-432BF08197A5}"
EndProject
Global
	GlobalSection(SolutionConfigurationPlatforms) = preSolution
		Debug|Any CPU = Debug|Any CPU
		Release|Any CPU = Release|Any CPU
	EndGlobalSection
	GlobalSection(ProjectConfigurationPlatforms) = postSolution
		{14006515-C7A0-4212-941B-978E20C14CF7}.Debug|Any CPU.ActiveCfg = Debug|Any CPU
		{14006515-C7A0-4212-941B-978E20C14CF7}.Debug|Any CPU.Build.0 = Debug|Any CPU
		{14006515-C7A0-4212-941B-978E20C14CF7}.Release|Any CPU.ActiveCfg = Release|Any CPU
		{14006515-C7A0-4212-941B-978E20C14CF7}.Release|Any CPU.Build.0 = Release|Any CPU
		{F7BD6B17-7C53-4377-8229-432BF08197A5}.Debug|Any CPU.ActiveCfg = Debug|Any CPU
		{F7BD6B17-7C53-4377-8229-432BF08197A5}.Debug|Any CPU.Build.0 = Debug|Any CPU
		{F7BD6B17-7C53-4377-8229-432BF08197A5}.Debug|Any CPU.Deploy.0 = Debug|Any CPU
		{F7BD6B17-7C53-4377-8229-432BF08197A5}.Release|Any CPU.ActiveCfg = Release|Any CPU
		{F7BD6B17-7C53-4377-8229-432BF08197A5}.Release|Any CPU.Build.0 = Release|Any CPU
		{F7BD6B17-7C53-4377-8229-432BF08197A5}.Release|Any CPU.Deploy.0 = Release|Any CPU
	EndGlobalSection
	GlobalSection(SolutionProperties) = preSolution
		HideSolutionNode = FALSE
	EndGlobalSection
	GlobalSection(ExtensibilityGlobals) = postSolution
		SolutionGuid = {6D7F15D6-C37C-4CA5-A54A-51FA5F8D8F99}
	EndGlobalSection
EndGlobal
